
Microsoft Visual Studio Solution File, Format Version 12.00
# Visual Studio Version 17
VisualStudioVersion = 17.4.33213.308
MinimumVisualStudioVersion = 10.0.40219.1
Project("{FAE04EC0-301F-11D3-BF4B-00C04F79EFBC}") = "MP.Net", "MP.Net\MP.Net.csproj", "{A1D2B4B4-207D-4C43-ABAC-C077B630C55E}"
EndProject
Global
	GlobalSection(SolutionConfigurationPlatforms) = preSolution
		Debug|Any CPU = Debug|Any CPU
		Release|Any CPU = Release|Any CPU
	EndGlobalSection
	GlobalSection(ProjectConfigurationPlatforms) = postSolution
		{A1D2B4B4-207D-4C43-ABAC-C077B630C55E}.Debug|Any CPU.ActiveCfg = Debug|Any CPU
		{A1D2B4B4-207D-4C43-ABAC-C077B630C55E}.Debug|Any CPU.Build.0 = Debug|Any CPU
		{A1D2B4B4-207D-4C43-ABAC-C077B630C55E}.Release|Any CPU.ActiveCfg = Release|Any CPU
		{A1D2B4B4-207D-4C43-ABAC-C077B630C55E}.Release|Any CPU.Build.0 = Release|Any CPU
	EndGlobalSection
	GlobalSection(SolutionProperties) = preSolution
		HideSolutionNode = FALSE
	EndGlobalSection
	GlobalSection(ExtensibilityGlobals) = postSolution
		SolutionGuid = {222A5A65-B7CA-4B0A-A7F9-2CEA633345DA}
	EndGlobalSection
EndGlobal
